
Microsoft Visual Studio Solution File, Format Version 12.00
# Visual Studio Version 17
VisualStudioVersion = 17.4.33110.190
MinimumVisualStudioVersion = 10.0.40219.1
Project("{FAE04EC0-301F-11D3-BF4B-00C04F79EFBC}") = "YouAreAnIdiot", "YouAreAnIdiot\YouAreAnIdiot.csproj", "{68271E8D-E03F-4178-86E0-AA415F7D02B4}"
EndProject
Global
	GlobalSection(SolutionConfigurationPlatforms) = preSolution
		Debug|Any CPU = Debug|Any CPU
		Release|Any CPU = Release|Any CPU
	EndGlobalSection
	GlobalSection(ProjectConfigurationPlatforms) = postSolution
		{68271E8D-E03F-4178-86E0-AA415F7D02B4}.Debug|Any CPU.ActiveCfg = Debug|Any CPU
		{68271E8D-E03F-4178-86E0-AA415F7D02B4}.Debug|Any CPU.Build.0 = Debug|Any CPU
		{68271E8D-E03F-4178-86E0-AA415F7D02B4}.Release|Any CPU.ActiveCfg = Release|Any CPU
		{68271E8D-E03F-4178-86E0-AA415F7D02B4}.Release|Any CPU.Build.0 = Release|Any CPU
	EndGlobalSection
	GlobalSection(SolutionProperties) = preSolution
		HideSolutionNode = FALSE
	EndGlobalSection
	GlobalSection(ExtensibilityGlobals) = postSolution
		SolutionGuid = {6346B429-7ECE-4F4C-9F35-95197455B12D}
	EndGlobalSection
EndGlobal
